
Microsoft Visual Studio Solution File, Format Version 12.00
# Visual Studio Version 16
VisualStudioVersion = 16.0.31729.503
MinimumVisualStudioVersion = 10.0.40219.1
Project("{FAE04EC0-301F-11D3-BF4B-00C04F79EFBC}") = "CascadingComboBoxesBatch", "CascadingComboBoxesBatch\CascadingComboBoxesBatch.csproj", "{B203CB8D-8CE8-4065-B290-1AB696559741}"
EndProject
Global
	GlobalSection(SolutionConfigurationPlatforms) = preSolution
		Debug|Any CPU = Debug|Any CPU
		Release|Any CPU = Release|Any CPU
	EndGlobalSection
	GlobalSection(ProjectConfigurationPlatforms) = postSolution
		{B203CB8D-8CE8-4065-B290-1AB696559741}.Debug|Any CPU.ActiveCfg = Debug|Any CPU
		{B203CB8D-8CE8-4065-B290-1AB696559741}.Debug|Any CPU.Build.0 = Debug|Any CPU
		{B203CB8D-8CE8-4065-B290-1AB696559741}.Release|Any CPU.ActiveCfg = Release|Any CPU
		{B203CB8D-8CE8-4065-B290-1AB696559741}.Release|Any CPU.Build.0 = Release|Any CPU
	EndGlobalSection
	GlobalSection(SolutionProperties) = preSolution
		HideSolutionNode = FALSE
	EndGlobalSection
	GlobalSection(ExtensibilityGlobals) = postSolution
		SolutionGuid = {3A1F12E9-77DC-4DFB-B7A7-944BAB29E60F}
	EndGlobalSection
EndGlobal
